
Microsoft Visual Studio Solution File, Format Version 12.00
# Visual Studio Version 17
VisualStudioVersion = 17.1.32328.378
MinimumVisualStudioVersion = 10.0.40219.1
Project("{FAE04EC0-301F-11D3-BF4B-00C04F79EFBC}") = "Day30PracticeProblem", "Day30PracticeProblem\Day30PracticeProblem.csproj", "{9FDCB1DE-8C8E-4469-B59E-B37FF6A5459E}"
EndProject
Global
	GlobalSection(SolutionConfigurationPlatforms) = preSolution
		Debug|Any CPU = Debug|Any CPU
		Release|Any CPU = Release|Any CPU
	EndGlobalSection
	GlobalSection(ProjectConfigurationPlatforms) = postSolution
		{9FDCB1DE-8C8E-4469-B59E-B37FF6A5459E}.Debug|Any CPU.ActiveCfg = Debug|Any CPU
		{9FDCB1DE-8C8E-4469-B59E-B37FF6A5459E}.Debug|Any CPU.Build.0 = Debug|Any CPU
		{9FDCB1DE-8C8E-4469-B59E-B37FF6A5459E}.Release|Any CPU.ActiveCfg = Release|Any CPU
		{9FDCB1DE-8C8E-4469-B59E-B37FF6A5459E}.Release|Any CPU.Build.0 = Release|Any CPU
	EndGlobalSection
	GlobalSection(SolutionProperties) = preSolution
		HideSolutionNode = FALSE
	EndGlobalSection
	GlobalSection(ExtensibilityGlobals) = postSolution
		SolutionGuid = {F50CD634-55AE-46E9-8ADB-BE1597787380}
	EndGlobalSection
EndGlobal
